
Microsoft Visual Studio Solution File, Format Version 12.00
# Visual Studio Version 17
VisualStudioVersion = 17.4.33122.133
MinimumVisualStudioVersion = 10.0.40219.1
Project("{FAE04EC0-301F-11D3-BF4B-00C04F79EFBC}") = "ConsoleApp1", "ConsoleApp1\ConsoleApp1.csproj", "{13DD25CC-B8C2-4CF5-82C8-86F89AFD5534}"
EndProject
Global
	GlobalSection(SolutionConfigurationPlatforms) = preSolution
		Debug|Any CPU = Debug|Any CPU
		Release|Any CPU = Release|Any CPU
	EndGlobalSection
	GlobalSection(ProjectConfigurationPlatforms) = postSolution
		{13DD25CC-B8C2-4CF5-82C8-86F89AFD5534}.Debug|Any CPU.ActiveCfg = Debug|Any CPU
		{13DD25CC-B8C2-4CF5-82C8-86F89AFD5534}.Debug|Any CPU.Build.0 = Debug|Any CPU
		{13DD25CC-B8C2-4CF5-82C8-86F89AFD5534}.Release|Any CPU.ActiveCfg = Release|Any CPU
		{13DD25CC-B8C2-4CF5-82C8-86F89AFD5534}.Release|Any CPU.Build.0 = Release|Any CPU
	EndGlobalSection
	GlobalSection(SolutionProperties) = preSolution
		HideSolutionNode = FALSE
	EndGlobalSection
	GlobalSection(ExtensibilityGlobals) = postSolution
		SolutionGuid = {CB0AF0DF-F956-4A6C-AC80-2CC34C5B927B}
	EndGlobalSection
EndGlobal
